
Microsoft Visual Studio Solution File, Format Version 12.00
# Visual Studio Version 17
VisualStudioVersion = 17.10.34928.147
MinimumVisualStudioVersion = 10.0.40219.1
Project("{9A19103F-16F7-4668-BE54-9A1E7A4F7556}") = "Frontend", "Frontend\Frontend.csproj", "{3FCB5A45-9AEB-4325-BDF8-2748AB756B52}"
EndProject
Project("{FAE04EC0-301F-11D3-BF4B-00C04F79EFBC}") = "LN", "LN\LN.csproj", "{AD497753-CD5F-43B8-AF00-A89817F7A1B2}"
EndProject
Project("{FAE04EC0-301F-11D3-BF4B-00C04F79EFBC}") = "Abstracciones", "Abstracciones\Abstracciones.csproj", "{AE3432EA-91B7-446E-8DBD-1A357FBF89DD}"
EndProject
Project("{FAE04EC0-301F-11D3-BF4B-00C04F79EFBC}") = "AccesoADatos", "AcessoADatos\AccesoADatos.csproj", "{137FEDAA-9FC3-4A0C-AB53-F35E36CD0CEF}"
EndProject
Project("{FAE04EC0-301F-11D3-BF4B-00C04F79EFBC}") = "UI", "UI\UI.csproj", "{07CC4747-A3A0-4177-92E0-EB35EDB915E0}"
EndProject
Global
	GlobalSection(SolutionConfigurationPlatforms) = preSolution
		Debug|Any CPU = Debug|Any CPU
		Release|Any CPU = Release|Any CPU
	EndGlobalSection
	GlobalSection(ProjectConfigurationPlatforms) = postSolution
		{3FCB5A45-9AEB-4325-BDF8-2748AB756B52}.Debug|Any CPU.ActiveCfg = Debug|Any CPU
		{3FCB5A45-9AEB-4325-BDF8-2748AB756B52}.Debug|Any CPU.Build.0 = Debug|Any CPU
		{3FCB5A45-9AEB-4325-BDF8-2748AB756B52}.Release|Any CPU.ActiveCfg = Release|Any CPU
		{3FCB5A45-9AEB-4325-BDF8-2748AB756B52}.Release|Any CPU.Build.0 = Release|Any CPU
		{AD497753-CD5F-43B8-AF00-A89817F7A1B2}.Debug|Any CPU.ActiveCfg = Debug|Any CPU
		{AD497753-CD5F-43B8-AF00-A89817F7A1B2}.Debug|Any CPU.Build.0 = Debug|Any CPU
		{AD497753-CD5F-43B8-AF00-A89817F7A1B2}.Release|Any CPU.ActiveCfg = Release|Any CPU
		{AD497753-CD5F-43B8-AF00-A89817F7A1B2}.Release|Any CPU.Build.0 = Release|Any CPU
		{AE3432EA-91B7-446E-8DBD-1A357FBF89DD}.Debug|Any CPU.ActiveCfg = Debug|Any CPU
		{AE3432EA-91B7-446E-8DBD-1A357FBF89DD}.Debug|Any CPU.Build.0 = Debug|Any CPU
		{AE3432EA-91B7-446E-8DBD-1A357FBF89DD}.Release|Any CPU.ActiveCfg = Release|Any CPU
		{AE3432EA-91B7-446E-8DBD-1A357FBF89DD}.Release|Any CPU.Build.0 = Release|Any CPU
		{137FEDAA-9FC3-4A0C-AB53-F35E36CD0CEF}.Debug|Any CPU.ActiveCfg = Debug|Any CPU
		{137FEDAA-9FC3-4A0C-AB53-F35E36CD0CEF}.Debug|Any CPU.Build.0 = Debug|Any CPU
		{137FEDAA-9FC3-4A0C-AB53-F35E36CD0CEF}.Release|Any CPU.ActiveCfg = Release|Any CPU
		{137FEDAA-9FC3-4A0C-AB53-F35E36CD0CEF}.Release|Any CPU.Build.0 = Release|Any CPU
		{07CC4747-A3A0-4177-92E0-EB35EDB915E0}.Debug|Any CPU.ActiveCfg = Debug|Any CPU
		{07CC4747-A3A0-4177-92E0-EB35EDB915E0}.Debug|Any CPU.Build.0 = Debug|Any CPU
		{07CC4747-A3A0-4177-92E0-EB35EDB915E0}.Release|Any CPU.ActiveCfg = Release|Any CPU
		{07CC4747-A3A0-4177-92E0-EB35EDB915E0}.Release|Any CPU.Build.0 = Release|Any CPU
	EndGlobalSection
	GlobalSection(SolutionProperties) = preSolution
		HideSolutionNode = FALSE
	EndGlobalSection
	GlobalSection(ExtensibilityGlobals) = postSolution
		SolutionGuid = {D71D38F1-9E5C-4E1F-83A9-0D3AEA53C125}
	EndGlobalSection
EndGlobal
