
Microsoft Visual Studio Solution File, Format Version 12.00
# Visual Studio Version 17
VisualStudioVersion = 17.10.34928.147
MinimumVisualStudioVersion = 10.0.40219.1
Project("{9A19103F-16F7-4668-BE54-9A1E7A4F7556}") = "Frontend", "Frontend\Frontend.csproj", "{3FCB5A45-9AEB-4325-BDF8-2748AB756B52}"
EndProject
Project("{FAE04EC0-301F-11D3-BF4B-00C04F79EFBC}") = "TicoSportSocksConnect.Abstracciones", "TicoSportSocksConnect.Abstracciones\TicoSportSocksConnect.Abstracciones.csproj", "{61746092-DC39-4ECC-89CE-2D290A5178AF}"
EndProject
Project("{FAE04EC0-301F-11D3-BF4B-00C04F79EFBC}") = "TicoSportsSocksConnect.AccesoADatos", "TicoSportsSocksConnect.AccesoADatos\TicoSportsSocksConnect.AccesoADatos.csproj", "{90395B22-A619-4291-86E4-6563BCA08A28}"
EndProject
Project("{FAE04EC0-301F-11D3-BF4B-00C04F79EFBC}") = "TicoSportsSocksConnect.LN", "TicoSportsSocksConnect.LN\TicoSportsSocksConnect.LN.csproj", "{3391E260-632D-4414-A998-484352032C2C}"
EndProject
Global
	GlobalSection(SolutionConfigurationPlatforms) = preSolution
		Debug|Any CPU = Debug|Any CPU
		Release|Any CPU = Release|Any CPU
	EndGlobalSection
	GlobalSection(ProjectConfigurationPlatforms) = postSolution
		{3FCB5A45-9AEB-4325-BDF8-2748AB756B52}.Debug|Any CPU.ActiveCfg = Debug|Any CPU
		{3FCB5A45-9AEB-4325-BDF8-2748AB756B52}.Debug|Any CPU.Build.0 = Debug|Any CPU
		{3FCB5A45-9AEB-4325-BDF8-2748AB756B52}.Release|Any CPU.ActiveCfg = Release|Any CPU
		{3FCB5A45-9AEB-4325-BDF8-2748AB756B52}.Release|Any CPU.Build.0 = Release|Any CPU
		{61746092-DC39-4ECC-89CE-2D290A5178AF}.Debug|Any CPU.ActiveCfg = Debug|Any CPU
		{61746092-DC39-4ECC-89CE-2D290A5178AF}.Debug|Any CPU.Build.0 = Debug|Any CPU
		{61746092-DC39-4ECC-89CE-2D290A5178AF}.Release|Any CPU.ActiveCfg = Release|Any CPU
		{61746092-DC39-4ECC-89CE-2D290A5178AF}.Release|Any CPU.Build.0 = Release|Any CPU
		{90395B22-A619-4291-86E4-6563BCA08A28}.Debug|Any CPU.ActiveCfg = Debug|Any CPU
		{90395B22-A619-4291-86E4-6563BCA08A28}.Debug|Any CPU.Build.0 = Debug|Any CPU
		{90395B22-A619-4291-86E4-6563BCA08A28}.Release|Any CPU.ActiveCfg = Release|Any CPU
		{90395B22-A619-4291-86E4-6563BCA08A28}.Release|Any CPU.Build.0 = Release|Any CPU
		{3391E260-632D-4414-A998-484352032C2C}.Debug|Any CPU.ActiveCfg = Debug|Any CPU
		{3391E260-632D-4414-A998-484352032C2C}.Debug|Any CPU.Build.0 = Debug|Any CPU
		{3391E260-632D-4414-A998-484352032C2C}.Release|Any CPU.ActiveCfg = Release|Any CPU
		{3391E260-632D-4414-A998-484352032C2C}.Release|Any CPU.Build.0 = Release|Any CPU
	EndGlobalSection
	GlobalSection(SolutionProperties) = preSolution
		HideSolutionNode = FALSE
	EndGlobalSection
	GlobalSection(ExtensibilityGlobals) = postSolution
		SolutionGuid = {D71D38F1-9E5C-4E1F-83A9-0D3AEA53C125}
	EndGlobalSection
EndGlobal
